
Microsoft Visual Studio Solution File, Format Version 12.00
# Visual Studio Version 16
VisualStudioVersion = 16.0.31515.178
MinimumVisualStudioVersion = 10.0.40219.1
Project("{FAE04EC0-301F-11D3-BF4B-00C04F79EFBC}") = "ParcialPOO.Web", "ParcialPOO.Web\ParcialPOO.Web.csproj", "{B0FFAA66-0682-4521-A83A-6D39407F8B25}"
EndProject
Global
	GlobalSection(SolutionConfigurationPlatforms) = preSolution
		Debug|Any CPU = Debug|Any CPU
		Release|Any CPU = Release|Any CPU
	EndGlobalSection
	GlobalSection(ProjectConfigurationPlatforms) = postSolution
		{B0FFAA66-0682-4521-A83A-6D39407F8B25}.Debug|Any CPU.ActiveCfg = Debug|Any CPU
		{B0FFAA66-0682-4521-A83A-6D39407F8B25}.Debug|Any CPU.Build.0 = Debug|Any CPU
		{B0FFAA66-0682-4521-A83A-6D39407F8B25}.Release|Any CPU.ActiveCfg = Release|Any CPU
		{B0FFAA66-0682-4521-A83A-6D39407F8B25}.Release|Any CPU.Build.0 = Release|Any CPU
	EndGlobalSection
	GlobalSection(SolutionProperties) = preSolution
		HideSolutionNode = FALSE
	EndGlobalSection
	GlobalSection(ExtensibilityGlobals) = postSolution
		SolutionGuid = {542A5656-27A3-4956-8B93-A79F01E99961}
	EndGlobalSection
EndGlobal
